
Microsoft Visual Studio Solution File, Format Version 12.00
# Visual Studio Version 16
VisualStudioVersion = 16.0.31424.327
MinimumVisualStudioVersion = 10.0.40219.1
Project("{9A19103F-16F7-4668-BE54-9A1E7A4F7556}") = "YTExplorer", "YTExplorer.csproj", "{4DDDC7D1-7130-4BBA-AD46-35567615B4C1}"
EndProject
Project("{54435603-DBB4-11D2-8724-00A0C9A8B90C}") = "Test Wizard", "..\Test Wizard\Test Wizard.vdproj", "{E9DB151F-591C-4D39-B471-C4E59B8A4FDD}"
EndProject
Global
	GlobalSection(SolutionConfigurationPlatforms) = preSolution
		Debug|Any CPU = Debug|Any CPU
		Release|Any CPU = Release|Any CPU
	EndGlobalSection
	GlobalSection(ProjectConfigurationPlatforms) = postSolution
		{4DDDC7D1-7130-4BBA-AD46-35567615B4C1}.Debug|Any CPU.ActiveCfg = Debug|Any CPU
		{4DDDC7D1-7130-4BBA-AD46-35567615B4C1}.Debug|Any CPU.Build.0 = Debug|Any CPU
		{4DDDC7D1-7130-4BBA-AD46-35567615B4C1}.Release|Any CPU.ActiveCfg = Release|Any CPU
		{4DDDC7D1-7130-4BBA-AD46-35567615B4C1}.Release|Any CPU.Build.0 = Release|Any CPU
		{E9DB151F-591C-4D39-B471-C4E59B8A4FDD}.Debug|Any CPU.ActiveCfg = Debug
		{E9DB151F-591C-4D39-B471-C4E59B8A4FDD}.Release|Any CPU.ActiveCfg = Release
	EndGlobalSection
	GlobalSection(SolutionProperties) = preSolution
		HideSolutionNode = FALSE
	EndGlobalSection
	GlobalSection(ExtensibilityGlobals) = postSolution
		SolutionGuid = {AD096CB0-632A-4954-A96E-60C29B710C80}
	EndGlobalSection
EndGlobal
